// !$*UTF8*$!
{
	archiveVersion = 1;
	classes = {
	};
	objectVersion = 46;
	objects = {

/* Begin PBXBuildFile section */
		CB01887A1DBE523C008092B8 /* main.m in Sources */ = {isa = PBXBuildFile; fileRef = CB0188791DBE523C008092B8 /* main.m */; };
		CB01887D1DBE523C008092B8 /* AppDelegate.m in Sources */ = {isa = PBXBuildFile; fileRef = CB01887C1DBE523C008092B8 /* AppDelegate.m */; };
		CB0188801DBE523C008092B8 /* ViewController.m in Sources */ = {isa = PBXBuildFile; fileRef = CB01887F1DBE523C008092B8 /* ViewController.m */; };
		CB0188831DBE523C008092B8 /* Main.storyboard in Resources */ = {isa = PBXBuildFile; fileRef = CB0188811DBE523C008092B8 /* Main.storyboard */; };
		CB0188851DBE523C008092B8 /* Assets.xcassets in Resources */ = {isa = PBXBuildFile; fileRef = CB0188841DBE523C008092B8 /* Assets.xcassets */; };
		CB0188881DBE523C008092B8 /* LaunchScreen.storyboard in Resources */ = {isa = PBXBuildFile; fileRef = CB0188861DBE523C008092B8 /* LaunchScreen.storyboard */; };
		CB0188931DBE523C008092B8 /* PJTableViewDemoTests.m in Sources */ = {isa = PBXBuildFile; fileRef = CB0188921DBE523C008092B8 /* PJTableViewDemoTests.m */; };
		CB01889E1DBE523C008092B8 /* PJTableViewDemoUITests.m in Sources */ = {isa = PBXBuildFile; fileRef = CB01889D1DBE523C008092B8 /* PJTableViewDemoUITests.m */; };
		CB0188AD1DBE53A8008092B8 /* PJTableViewCell.m in Sources */ = {isa = PBXBuildFile; fileRef = CB0188AC1DBE53A8008092B8 /* PJTableViewCell.m */; };
/* End PBXBuildFile section */

/* Begin PBXContainerItemProxy section */
		CB01888F1DBE523C008092B8 /* PBXContainerItemProxy */ = {
			isa = PBXContainerItemProxy;
			containerPortal = CB01886D1DBE523C008092B8 /* Project object */;
			proxyType = 1;
			remoteGlobalIDString = CB0188741DBE523C008092B8;
			remoteInfo = PJTableViewDemo;
		};
		CB01889A1DBE523C008092B8 /* PBXContainerItemProxy */ = {
			isa = PBXContainerItemProxy;
			containerPortal = CB01886D1DBE523C008092B8 /* Project object */;
			proxyType = 1;
			remoteGlobalIDString = CB0188741DBE523C008092B8;
			remoteInfo = PJTableViewDemo;
		};
/* End PBXContainerItemProxy section */

/* Begin PBXFileReference section */
		CB0188751DBE523C008092B8 /* PJTableViewDemo.app */ = {isa = PBXFileReference; explicitFileType = wrapper.application; includeInIndex = 0; path = PJTableViewDemo.app; sourceTree = BUILT_PRODUCTS_DIR; };
		CB0188791DBE523C008092B8 /* main.m */ = {isa = PBXFileReference; lastKnownFileType = sourcecode.c.objc; path = main.m; sourceTree = "<group>"; };
		CB01887B1DBE523C008092B8 /* AppDelegate.h */ = {isa = PBXFileReference; lastKnownFileType = sourcecode.c.h; path = AppDelegate.h; sourceTree = "<group>"; };
		CB01887C1DBE523C008092B8 /* AppDelegate.m */ = {isa = PBXFileReference; lastKnownFileType = sourcecode.c.objc; path = AppDelegate.m; sourceTree = "<group>"; };
		CB01887E1DBE523C008092B8 /* ViewController.h */ = {isa = PBXFileReference; lastKnownFileType = sourcecode.c.h; path = ViewController.h; sourceTree = "<group>"; };
		CB01887F1DBE523C008092B8 /* ViewController.m */ = {isa = PBXFileReference; lastKnownFileType = sourcecode.c.objc; path = ViewController.m; sourceTree = "<group>"; };
		CB0188821DBE523C008092B8 /* Base */ = {isa = PBXFileReference; lastKnownFileType = file.storyboard; name = Base; path = Base.lproj/Main.storyboard; sourceTree = "<group>"; };
		CB0188841DBE523C008092B8 /* Assets.xcassets */ = {isa = PBXFileReference; lastKnownFileType = folder.assetcatalog; path = Assets.xcassets; sourceTree = "<group>"; };
		CB0188871DBE523C008092B8 /* Base */ = {isa = PBXFileReference; lastKnownFileType = file.storyboard; name = Base; path = Base.lproj/LaunchScreen.storyboard; sourceTree = "<group>"; };
		CB0188891DBE523C008092B8 /* Info.plist */ = {isa = PBXFileReference; lastKnownFileType = text.plist.xml; path = Info.plist; sourceTree = "<group>"; };
		CB01888E1DBE523C008092B8 /* PJTableViewDemoTests.xctest */ = {isa = PBXFileReference; explicitFileType = wrapper.cfbundle; includeInIndex = 0; path = PJTableViewDemoTests.xctest; sourceTree = BUILT_PRODUCTS_DIR; };
		CB0188921DBE523C008092B8 /* PJTableViewDemoTests.m */ = {isa = PBXFileReference; lastKnownFileType = sourcecode.c.objc; path = PJTableViewDemoTests.m; sourceTree = "<group>"; };
		CB0188941DBE523C008092B8 /* Info.plist */ = {isa = PBXFileReference; lastKnownFileType = text.plist.xml; path = Info.plist; sourceTree = "<group>"; };
		CB0188991DBE523C008092B8 /* PJTableViewDemoUITests.xctest */ = {isa = PBXFileReference; explicitFileType = wrapper.cfbundle; includeInIndex = 0; path = PJTableViewDemoUITests.xctest; sourceTree = BUILT_PRODUCTS_DIR; };
		CB01889D1DBE523C008092B8 /* PJTableViewDemoUITests.m */ = {isa = PBXFileReference; lastKnownFileType = sourcecode.c.objc; path = PJTableViewDemoUITests.m; sourceTree = "<group>"; };
		CB01889F1DBE523C008092B8 /* Info.plist */ = {isa = PBXFileReference; lastKnownFileType = text.plist.xml; path = Info.plist; sourceTree = "<group>"; };
		CB0188AB1DBE53A8008092B8 /* PJTableViewCell.h */ = {isa = PBXFileReference; fileEncoding = 4; lastKnownFileType = sourcecode.c.h; path = PJTableViewCell.h; sourceTree = "<group>"; };
		CB0188AC1DBE53A8008092B8 /* PJTableViewCell.m */ = {isa = PBXFileReference; fileEncoding = 4; lastKnownFileType = sourcecode.c.objc; path = PJTableViewCell.m; sourceTree = "<group>"; };
/* End PBXFileReference section */

/* Begin PBXFrameworksBuildPhase section */
		CB0188721DBE523C008092B8 /* Frameworks */ = {
			isa = PBXFrameworksBuildPhase;
			buildActionMask = 2147483647;
			files = (
			);
			runOnlyForDeploymentPostprocessing = 0;
		};
		CB01888B1DBE523C008092B8 /* Frameworks */ = {
			isa = PBXFrameworksBuildPhase;
			buildActionMask = 2147483647;
			files = (
			);
			runOnlyForDeploymentPostprocessing = 0;
		};
		CB0188961DBE523C008092B8 /* Frameworks */ = {
			isa = PBXFrameworksBuildPhase;
			buildActionMask = 2147483647;
			files = (
			);
			runOnlyForDeploymentPostprocessing = 0;
		};
/* End PBXFrameworksBuildPhase section */

/* Begin PBXGroup section */
		CB01886C1DBE523C008092B8 = {
			isa = PBXGroup;
			children = (
				CB0188771DBE523C008092B8 /* PJTableViewDemo */,
				CB0188911DBE523C008092B8 /* PJTableViewDemoTests */,
				CB01889C1DBE523C008092B8 /* PJTableViewDemoUITests */,
				CB0188761DBE523C008092B8 /* Products */,
			);
			sourceTree = "<group>";
		};
		CB0188761DBE523C008092B8 /* Products */ = {
			isa = PBXGroup;
			children = (
				CB0188751DBE523C008092B8 /* PJTableViewDemo.app */,
				CB01888E1DBE523C008092B8 /* PJTableViewDemoTests.xctest */,
				CB0188991DBE523C008092B8 /* PJTableViewDemoUITests.xctest */,
			);
			name = Products;
			sourceTree = "<group>";
		};
		CB0188771DBE523C008092B8 /* PJTableViewDemo */ = {
			isa = PBXGroup;
			children = (
				CB01887B1DBE523C008092B8 /* AppDelegate.h */,
				CB01887C1DBE523C008092B8 /* AppDelegate.m */,
				CB01887E1DBE523C008092B8 /* ViewController.h */,
				CB01887F1DBE523C008092B8 /* ViewController.m */,
				CB0188AB1DBE53A8008092B8 /* PJTableViewCell.h */,
				CB0188AC1DBE53A8008092B8 /* PJTableViewCell.m */,
				CB0188811DBE523C008092B8 /* Main.storyboard */,
				CB0188841DBE523C008092B8 /* Assets.xcassets */,
				CB0188861DBE523C008092B8 /* LaunchScreen.storyboard */,
				CB0188891DBE523C008092B8 /* Info.plist */,
				CB0188781DBE523C008092B8 /* Supporting Files */,
			);
			path = PJTableViewDemo;
			sourceTree = "<group>";
		};
		CB0188781DBE523C008092B8 /* Supporting Files */ = {
			isa = PBXGroup;
			children = (
				CB0188791DBE523C008092B8 /* main.m */,
			);
			name = "Supporting Files";
			sourceTree = "<group>";
		};
		CB0188911DBE523C008092B8 /* PJTableViewDemoTests */ = {
			isa = PBXGroup;
			children = (
				CB0188921DBE523C008092B8 /* PJTableViewDemoTests.m */,
				CB0188941DBE523C008092B8 /* Info.plist */,
			);
			path = PJTableViewDemoTests;
			sourceTree = "<group>";
		};
		CB01889C1DBE523C008092B8 /* PJTableViewDemoUITests */ = {
			isa = PBXGroup;
			children = (
				CB01889D1DBE523C008092B8 /* PJTableViewDemoUITests.m */,
				CB01889F1DBE523C008092B8 /* Info.plist */,
			);
			path = PJTableViewDemoUITests;
			sourceTree = "<group>";
		};
/* End PBXGroup section */

/* Begin PBXNativeTarget section */
		CB0188741DBE523C008092B8 /* PJTableViewDemo */ = {
			isa = PBXNativeTarget;
			buildConfigurationList = CB0188A21DBE523C008092B8 /* Build configuration list for PBXNativeTarget "PJTableViewDemo" */;
			buildPhases = (
				CB0188711DBE523C008092B8 /* Sources */,
				CB0188721DBE523C008092B8 /* Frameworks */,
				CB0188731DBE523C008092B8 /* Resources */,
			);
			buildRules = (
			);
			dependencies = (
			);
			name = PJTableViewDemo;
			productName = PJTableViewDemo;
			productReference = CB0188751DBE523C008092B8 /* PJTableViewDemo.app */;
			productType = "com.apple.product-type.application";
		};
		CB01888D1DBE523C008092B8 /* PJTableViewDemoTests */ = {
			isa = PBXNativeTarget;
			buildConfigurationList = CB0188A51DBE523C008092B8 /* Build configuration list for PBXNativeTarget "PJTableViewDemoTests" */;
			buildPhases = (
				CB01888A1DBE523C008092B8 /* Sources */,
				CB01888B1DBE523C008092B8 /* Frameworks */,
				CB01888C1DBE523C008092B8 /* Resources */,
			);
			buildRules = (
			);
			dependencies = (
				CB0188901DBE523C008092B8 /* PBXTargetDependency */,
			);
			name = PJTableViewDemoTests;
			productName = PJTableViewDemoTests;
			productReference = CB01888E1DBE523C008092B8 /* PJTableViewDemoTests.xctest */;
			productType = "com.apple.product-type.bundle.unit-test";
		};
		CB0188981DBE523C008092B8 /* PJTableViewDemoUITests */ = {
			isa = PBXNativeTarget;
			buildConfigurationList = CB0188A81DBE523C008092B8 /* Build configuration list for PBXNativeTarget "PJTableViewDemoUITests" */;
			buildPhases = (
				CB0188951DBE523C008092B8 /* Sources */,
				CB0188961DBE523C008092B8 /* Frameworks */,
				CB0188971DBE523C008092B8 /* Resources */,
			);
			buildRules = (
			);
			dependencies = (
				CB01889B1DBE523C008092B8 /* PBXTargetDependency */,
			);
			name = PJTableViewDemoUITests;
			productName = PJTableViewDemoUITests;
			productReference = CB0188991DBE523C008092B8 /* PJTableViewDemoUITests.xctest */;
			productType = "com.apple.product-type.bundle.ui-testing";
		};
/* End PBXNativeTarget section */

/* Begin PBXProject section */
		CB01886D1DBE523C008092B8 /* Project object */ = {
			isa = PBXProject;
			attributes = {
				LastUpgradeCheck = 0720;
				ORGANIZATIONNAME = "周鹏钜";
				TargetAttributes = {
					CB0188741DBE523C008092B8 = {
						CreatedOnToolsVersion = 7.2;
					};
					CB01888D1DBE523C008092B8 = {
						CreatedOnToolsVersion = 7.2;
						TestTargetID = CB0188741DBE523C008092B8;
					};
					CB0188981DBE523C008092B8 = {
						CreatedOnToolsVersion = 7.2;
						TestTargetID = CB0188741DBE523C008092B8;
					};
				};
			};
			buildConfigurationList = CB0188701DBE523C008092B8 /* Build configuration list for PBXProject "PJTableViewDemo" */;
			compatibilityVersion = "Xcode 3.2";
			developmentRegion = English;
			hasScannedForEncodings = 0;
			knownRegions = (
				en,
				Base,
			);
			mainGroup = CB01886C1DBE523C008092B8;
			productRefGroup = CB0188761DBE523C008092B8 /* Products */;
			projectDirPath = "";
			projectRoot = "";
			targets = (
				CB0188741DBE523C008092B8 /* PJTableViewDemo */,
				CB01888D1DBE523C008092B8 /* PJTableViewDemoTests */,
				CB0188981DBE523C008092B8 /* PJTableViewDemoUITests */,
			);
		};
/* End PBXProject section */

/* Begin PBXResourcesBuildPhase section */
		CB0188731DBE523C008092B8 /* Resources */ = {
			isa = PBXResourcesBuildPhase;
			buildActionMask = 2147483647;
			files = (
				CB0188881DBE523C008092B8 /* LaunchScreen.storyboard in Resources */,
				CB0188851DBE523C008092B8 /* Assets.xcassets in Resources */,
				CB0188831DBE523C008092B8 /* Main.storyboard in Resources */,
			);
			runOnlyForDeploymentPostprocessing = 0;
		};
		CB01888C1DBE523C008092B8 /* Resources */ = {
			isa = PBXResourcesBuildPhase;
			buildActionMask = 2147483647;
			files = (
			);
			runOnlyForDeploymentPostprocessing = 0;
		};
		CB0188971DBE523C008092B8 /* Resources */ = {
			isa = PBXResourcesBuildPhase;
			buildActionMask = 2147483647;
			files = (
			);
			runOnlyForDeploymentPostprocessing = 0;
		};
/* End PBXResourcesBuildPhase section */

/* Begin PBXSourcesBuildPhase section */
		CB0188711DBE523C008092B8 /* Sources */ = {
			isa = PBXSourcesBuildPhase;
			buildActionMask = 2147483647;
			files = (
				CB0188801DBE523C008092B8 /* ViewController.m in Sources */,
				CB0188AD1DBE53A8008092B8 /* PJTableViewCell.m in Sources */,
				CB01887D1DBE523C008092B8 /* AppDelegate.m in Sources */,
				CB01887A1DBE523C008092B8 /* main.m in Sources */,
			);
			runOnlyForDeploymentPostprocessing = 0;
		};
		CB01888A1DBE523C008092B8 /* Sources */ = {
			isa = PBXSourcesBuildPhase;
			buildActionMask = 2147483647;
			files = (
				CB0188931DBE523C008092B8 /* PJTableViewDemoTests.m in Sources */,
			);
			runOnlyForDeploymentPostprocessing = 0;
		};
		CB0188951DBE523C008092B8 /* Sources */ = {
			isa = PBXSourcesBuildPhase;
			buildActionMask = 2147483647;
			files = (
				CB01889E1DBE523C008092B8 /* PJTableViewDemoUITests.m in Sources */,
			);
			runOnlyForDeploymentPostprocessing = 0;
		};
/* End PBXSourcesBuildPhase section */

/* Begin PBXTargetDependency section */
		CB0188901DBE523C008092B8 /* PBXTargetDependency */ = {
			isa = PBXTargetDependency;
			target = CB0188741DBE523C008092B8 /* PJTableViewDemo */;
			targetProxy = CB01888F1DBE523C008092B8 /* PBXContainerItemProxy */;
		};
		CB01889B1DBE523C008092B8 /* PBXTargetDependency */ = {
			isa = PBXTargetDependency;
			target = CB0188741DBE523C008092B8 /* PJTableViewDemo */;
			targetProxy = CB01889A1DBE523C008092B8 /* PBXContainerItemProxy */;
		};
/* End PBXTargetDependency section */

/* Begin PBXVariantGroup section */
		CB0188811DBE523C008092B8 /* Main.storyboard */ = {
			isa = PBXVariantGroup;
			children = (
				CB0188821DBE523C008092B8 /* Base */,
			);
			name = Main.storyboard;
			sourceTree = "<group>";
		};
		CB0188861DBE523C008092B8 /* LaunchScreen.storyboard */ = {
			isa = PBXVariantGroup;
			children = (
				CB0188871DBE523C008092B8 /* Base */,
			);
			name = LaunchScreen.storyboard;
			sourceTree = "<group>";
		};
/* End PBXVariantGroup section */

/* Begin XCBuildConfiguration section */
		CB0188A01DBE523C008092B8 /* Debug */ = {
			isa = XCBuildConfiguration;
			buildSettings = {
				ALWAYS_SEARCH_USER_PATHS = NO;
				CLANG_CXX_LANGUAGE_STANDARD = "gnu++0x";
				CLANG_CXX_LIBRARY = "libc++";
				CLANG_ENABLE_MODULES = YES;
				CLANG_ENABLE_OBJC_ARC = YES;
				CLANG_WARN_BOOL_CONVERSION = YES;
				CLANG_WARN_CONSTANT_CONVERSION = YES;
				CLANG_WARN_DIRECT_OBJC_ISA_USAGE = YES_ERROR;
				CLANG_WARN_EMPTY_BODY = YES;
				CLANG_WARN_ENUM_CONVERSION = YES;
				CLANG_WARN_INT_CONVERSION = YES;
				CLANG_WARN_OBJC_ROOT_CLASS = YES_ERROR;
				CLANG_WARN_UNREACHABLE_CODE = YES;
				CLANG_WARN__DUPLICATE_METHOD_MATCH = YES;
				"CODE_SIGN_IDENTITY[sdk=iphoneos*]" = "iPhone Developer";
				COPY_PHASE_STRIP = NO;
				DEBUG_INFORMATION_FORMAT = dwarf;
				ENABLE_STRICT_OBJC_MSGSEND = YES;
				ENABLE_TESTABILITY = YES;
				GCC_C_LANGUAGE_STANDARD = gnu99;
				GCC_DYNAMIC_NO_PIC = NO;
				GCC_NO_COMMON_BLOCKS = YES;
				GCC_OPTIMIZATION_LEVEL = 0;
				GCC_PREPROCESSOR_DEFINITIONS = (
					"DEBUG=1",
					"$(inherited)",
				);
				GCC_WARN_64_TO_32_BIT_CONVERSION = YES;
				GCC_WARN_ABOUT_RETURN_TYPE = YES_ERROR;
				GCC_WARN_UNDECLARED_SELECTOR = YES;
				GCC_WARN_UNINITIALIZED_AUTOS = YES_AGGRESSIVE;
				GCC_WARN_UNUSED_FUNCTION = YES;
				GCC_WARN_UNUSED_VARIABLE = YES;
				IPHONEOS_DEPLOYMENT_TARGET = 9.2;
				MTL_ENABLE_DEBUG_INFO = YES;
				ONLY_ACTIVE_ARCH = YES;
				SDKROOT = iphoneos;
			};
			name = Debug;
		};
		CB0188A11DBE523C008092B8 /* Release */ = {
			isa = XCBuildConfiguration;
			buildSettings = {
				ALWAYS_SEARCH_USER_PATHS = NO;
				CLANG_CXX_LANGUAGE_STANDARD = "gnu++0x";
				CLANG_CXX_LIBRARY = "libc++";
				CLANG_ENABLE_MODULES = YES;
				CLANG_ENABLE_OBJC_ARC = YES;
				CLANG_WARN_BOOL_CONVERSION = YES;
				CLANG_WARN_CONSTANT_CONVERSION = YES;
				CLANG_WARN_DIRECT_OBJC_ISA_USAGE = YES_ERROR;
				CLANG_WARN_EMPTY_BODY = YES;
				CLANG_WARN_ENUM_CONVERSION = YES;
				CLANG_WARN_INT_CONVERSION = YES;
				CLANG_WARN_OBJC_ROOT_CLASS = YES_ERROR;
				CLANG_WARN_UNREACHABLE_CODE = YES;
				CLANG_WARN__DUPLICATE_METHOD_MATCH = YES;
				"CODE_SIGN_IDENTITY[sdk=iphoneos*]" = "iPhone Developer";
				COPY_PHASE_STRIP = NO;
				DEBUG_INFORMATION_FORMAT = "dwarf-with-dsym";
				ENABLE_NS_ASSERTIONS = NO;
				ENABLE_STRICT_OBJC_MSGSEND = YES;
				GCC_C_LANGUAGE_STANDARD = gnu99;
				GCC_NO_COMMON_BLOCKS = YES;
				GCC_WARN_64_TO_32_BIT_CONVERSION = YES;
				GCC_WARN_ABOUT_RETURN_TYPE = YES_ERROR;
				GCC_WARN_UNDECLARED_SELECTOR = YES;
				GCC_WARN_UNINITIALIZED_AUTOS = YES_AGGRESSIVE;
				GCC_WARN_UNUSED_FUNCTION = YES;
				GCC_WARN_UNUSED_VARIABLE = YES;
				IPHONEOS_DEPLOYMENT_TARGET = 9.2;
				MTL_ENABLE_DEBUG_INFO = NO;
				SDKROOT = iphoneos;
				VALIDATE_PRODUCT = YES;
			};
			name = Release;
		};
		CB0188A31DBE523C008092B8 /* Debug */ = {
			isa = XCBuildConfiguration;
			buildSettings = {
				ASSETCATALOG_COMPILER_APPICON_NAME = AppIcon;
				INFOPLIST_FILE = PJTableViewDemo/Info.plist;
				LD_RUNPATH_SEARCH_PATHS = "$(inherited) @executable_path/Frameworks";
				PRODUCT_BUNDLE_IDENTIFIER = com.zhoupengju.www.PJTableViewDemo;
				PRODUCT_NAME = "$(TARGET_NAME)";
			};
			name = Debug;
		};
		CB0188A41DBE523C008092B8 /* Release */ = {
			isa = XCBuildConfiguration;
			buildSettings = {
				ASSETCATALOG_COMPILER_APPICON_NAME = AppIcon;
				INFOPLIST_FILE = PJTableViewDemo/Info.plist;
				LD_RUNPATH_SEARCH_PATHS = "$(inherited) @executable_path/Frameworks";
				PRODUCT_BUNDLE_IDENTIFIER = com.zhoupengju.www.PJTableViewDemo;
				PRODUCT_NAME = "$(TARGET_NAME)";
			};
			name = Release;
		};
		CB0188A61DBE523C008092B8 /* Debug */ = {
			isa = XCBuildConfiguration;
			buildSettings = {
				BUNDLE_LOADER = "$(TEST_HOST)";
				INFOPLIST_FILE = PJTableViewDemoTests/Info.plist;
				LD_RUNPATH_SEARCH_PATHS = "$(inherited) @executable_path/Frameworks @loader_path/Frameworks";
				PRODUCT_BUNDLE_IDENTIFIER = com.zhoupengju.www.PJTableViewDemoTests;
				PRODUCT_NAME = "$(TARGET_NAME)";
				TEST_HOST = "$(BUILT_PRODUCTS_DIR)/PJTableViewDemo.app/PJTableViewDemo";
			};
			name = Debug;
		};
		CB0188A71DBE523C008092B8 /* Release */ = {
			isa = XCBuildConfiguration;
			buildSettings = {
				BUNDLE_LOADER = "$(TEST_HOST)";
				INFOPLIST_FILE = PJTableViewDemoTests/Info.plist;
				LD_RUNPATH_SEARCH_PATHS = "$(inherited) @executable_path/Frameworks @loader_path/Frameworks";
				PRODUCT_BUNDLE_IDENTIFIER = com.zhoupengju.www.PJTableViewDemoTests;
				PRODUCT_NAME = "$(TARGET_NAME)";
				TEST_HOST = "$(BUILT_PRODUCTS_DIR)/PJTableViewDemo.app/PJTableViewDemo";
			};
			name = Release;
		};
		CB0188A91DBE523C008092B8 /* Debug */ = {
			isa = XCBuildConfiguration;
			buildSettings = {
				INFOPLIST_FILE = PJTableViewDemoUITests/Info.plist;
				LD_RUNPATH_SEARCH_PATHS = "$(inherited) @executable_path/Frameworks @loader_path/Frameworks";
				PRODUCT_BUNDLE_IDENTIFIER = com.zhoupengju.www.PJTableViewDemoUITests;
				PRODUCT_NAME = "$(TARGET_NAME)";
				TEST_TARGET_NAME = PJTableViewDemo;
				USES_XCTRUNNER = YES;
			};
			name = Debug;
		};
		CB0188AA1DBE523C008092B8 /* Release */ = {
			isa = XCBuildConfiguration;
			buildSettings = {
				INFOPLIST_FILE = PJTableViewDemoUITests/Info.plist;
				LD_RUNPATH_SEARCH_PATHS = "$(inherited) @executable_path/Frameworks @loader_path/Frameworks";
				PRODUCT_BUNDLE_IDENTIFIER = com.zhoupengju.www.PJTableViewDemoUITests;
				PRODUCT_NAME = "$(TARGET_NAME)";
				TEST_TARGET_NAME = PJTableViewDemo;
				USES_XCTRUNNER = YES;
			};
			name = Release;
		};
/* End XCBuildConfiguration section */

/* Begin XCConfigurationList section */
		CB0188701DBE523C008092B8 /* Build configuration list for PBXProject "PJTableViewDemo" */ = {
			isa = XCConfigurationList;
			buildConfigurations = (
				CB0188A01DBE523C008092B8 /* Debug */,
				CB0188A11DBE523C008092B8 /* Release */,
			);
			defaultConfigurationIsVisible = 0;
			defaultConfigurationName = Release;
		};
		CB0188A21DBE523C008092B8 /* Build configuration list for PBXNativeTarget "PJTableViewDemo" */ = {
			isa = XCConfigurationList;
			buildConfigurations = (
				CB0188A31DBE523C008092B8 /* Debug */,
				CB0188A41DBE523C008092B8 /* Release */,
			);
			defaultConfigurationIsVisible = 0;
		};
		CB0188A51DBE523C008092B8 /* Build configuration list for PBXNativeTarget "PJTableViewDemoTests" */ = {
			isa = XCConfigurationList;
			buildConfigurations = (
				CB0188A61DBE523C008092B8 /* Debug */,
				CB0188A71DBE523C008092B8 /* Release */,
			);
			defaultConfigurationIsVisible = 0;
		};
		CB0188A81DBE523C008092B8 /* Build configuration list for PBXNativeTarget "PJTableViewDemoUITests" */ = {
			isa = XCConfigurationList;
			buildConfigurations = (
				CB0188A91DBE523C008092B8 /* Debug */,
				CB0188AA1DBE523C008092B8 /* Release */,
			);
			defaultConfigurationIsVisible = 0;
		};
/* End XCConfigurationList section */
	};
	rootObject = CB01886D1DBE523C008092B8 /* Project object */;
}
